
Microsoft Visual Studio Solution File, Format Version 12.00
# Visual Studio Version 17
VisualStudioVersion = 17.2.32526.322
MinimumVisualStudioVersion = 10.0.40219.1
Project("{FAE04EC0-301F-11D3-BF4B-00C04F79EFBC}") = "Encryption", "Encryption\Encryption.csproj", "{30D3128C-E5CF-4D84-A78E-EF7E359B2F8F}"
EndProject
Global
	GlobalSection(SolutionConfigurationPlatforms) = preSolution
		Debug|Any CPU = Debug|Any CPU
		Release|Any CPU = Release|Any CPU
	EndGlobalSection
	GlobalSection(ProjectConfigurationPlatforms) = postSolution
		{30D3128C-E5CF-4D84-A78E-EF7E359B2F8F}.Debug|Any CPU.ActiveCfg = Debug|Any CPU
		{30D3128C-E5CF-4D84-A78E-EF7E359B2F8F}.Debug|Any CPU.Build.0 = Debug|Any CPU
		{30D3128C-E5CF-4D84-A78E-EF7E359B2F8F}.Release|Any CPU.ActiveCfg = Release|Any CPU
		{30D3128C-E5CF-4D84-A78E-EF7E359B2F8F}.Release|Any CPU.Build.0 = Release|Any CPU
	EndGlobalSection
	GlobalSection(SolutionProperties) = preSolution
		HideSolutionNode = FALSE
	EndGlobalSection
	GlobalSection(ExtensibilityGlobals) = postSolution
		SolutionGuid = {A6CAE14A-DD53-4D39-A68A-EB9619244C23}
	EndGlobalSection
EndGlobal
